
Microsoft Visual Studio Solution File, Format Version 12.00
# Visual Studio Version 17
VisualStudioVersion = 17.4.33205.214
MinimumVisualStudioVersion = 10.0.40219.1
Project("{FAE04EC0-301F-11D3-BF4B-00C04F79EFBC}") = "LibraryManagement", "LibraryManagement\LibraryManagement.csproj", "{F8868A8F-04DB-4203-A109-A2928DD5B0DD}"
EndProject
Project("{FAE04EC0-301F-11D3-BF4B-00C04F79EFBC}") = "Library_Data", "Library_Data\Library_Data.csproj", "{A2D5123B-27E6-43E0-BA5B-6E14D25CC9DC}"
EndProject
Project("{FAE04EC0-301F-11D3-BF4B-00C04F79EFBC}") = "Library_Business", "Library_Business\Library_Business.csproj", "{F3FA5320-FAF0-4E19-A9DF-9A1AFBA486EE}"
EndProject
Global
	GlobalSection(SolutionConfigurationPlatforms) = preSolution
		Debug|Any CPU = Debug|Any CPU
		Release|Any CPU = Release|Any CPU
	EndGlobalSection
	GlobalSection(ProjectConfigurationPlatforms) = postSolution
		{F8868A8F-04DB-4203-A109-A2928DD5B0DD}.Debug|Any CPU.ActiveCfg = Debug|Any CPU
		{F8868A8F-04DB-4203-A109-A2928DD5B0DD}.Debug|Any CPU.Build.0 = Debug|Any CPU
		{F8868A8F-04DB-4203-A109-A2928DD5B0DD}.Release|Any CPU.ActiveCfg = Release|Any CPU
		{F8868A8F-04DB-4203-A109-A2928DD5B0DD}.Release|Any CPU.Build.0 = Release|Any CPU
		{A2D5123B-27E6-43E0-BA5B-6E14D25CC9DC}.Debug|Any CPU.ActiveCfg = Debug|Any CPU
		{A2D5123B-27E6-43E0-BA5B-6E14D25CC9DC}.Debug|Any CPU.Build.0 = Debug|Any CPU
		{A2D5123B-27E6-43E0-BA5B-6E14D25CC9DC}.Release|Any CPU.ActiveCfg = Release|Any CPU
		{A2D5123B-27E6-43E0-BA5B-6E14D25CC9DC}.Release|Any CPU.Build.0 = Release|Any CPU
		{F3FA5320-FAF0-4E19-A9DF-9A1AFBA486EE}.Debug|Any CPU.ActiveCfg = Debug|Any CPU
		{F3FA5320-FAF0-4E19-A9DF-9A1AFBA486EE}.Debug|Any CPU.Build.0 = Debug|Any CPU
		{F3FA5320-FAF0-4E19-A9DF-9A1AFBA486EE}.Release|Any CPU.ActiveCfg = Release|Any CPU
		{F3FA5320-FAF0-4E19-A9DF-9A1AFBA486EE}.Release|Any CPU.Build.0 = Release|Any CPU
	EndGlobalSection
	GlobalSection(SolutionProperties) = preSolution
		HideSolutionNode = FALSE
	EndGlobalSection
	GlobalSection(ExtensibilityGlobals) = postSolution
		SolutionGuid = {654D8E48-ED6E-468D-8FBA-CDF50978BC7E}
	EndGlobalSection
EndGlobal
